// !$*UTF8*$!
{
	archiveVersion = 1;
	classes = {
	};
	objectVersion = 51;
	objects = {

/* Begin PBXBuildFile section */
		05B75022342A15FB0FC697A3 /* Pods_sleepCheck.framework in Frameworks */ = {isa = PBXBuildFile; fileRef = D659938B3ADC1AD77614B8CF /* Pods_sleepCheck.framework */; };
		D844291424A23C00004B69FF /* AppDelegate.swift in Sources */ = {isa = PBXBuildFile; fileRef = D844291324A23C00004B69FF /* AppDelegate.swift */; };
		D844291624A23C00004B69FF /* SceneDelegate.swift in Sources */ = {isa = PBXBuildFile; fileRef = D844291524A23C00004B69FF /* SceneDelegate.swift */; };
		D844291824A23C00004B69FF /* ViewController.swift in Sources */ = {isa = PBXBuildFile; fileRef = D844291724A23C00004B69FF /* ViewController.swift */; };
		D844291B24A23C00004B69FF /* Main.storyboard in Resources */ = {isa = PBXBuildFile; fileRef = D844291924A23C00004B69FF /* Main.storyboard */; };
		D844291D24A23C01004B69FF /* Assets.xcassets in Resources */ = {isa = PBXBuildFile; fileRef = D844291C24A23C01004B69FF /* Assets.xcassets */; };
		D844292024A23C01004B69FF /* LaunchScreen.storyboard in Resources */ = {isa = PBXBuildFile; fileRef = D844291E24A23C01004B69FF /* LaunchScreen.storyboard */; };
		D865605124A6650300FC5B8E /* CalendarViewController.swift in Sources */ = {isa = PBXBuildFile; fileRef = D865605024A6650300FC5B8E /* CalendarViewController.swift */; };
		D86A367524A8F8D5008414BB /* CalendarRealm.swift in Sources */ = {isa = PBXBuildFile; fileRef = D86A367424A8F8D5008414BB /* CalendarRealm.swift */; };
		D86A367B24AE5C45008414BB /* ok.json in Resources */ = {isa = PBXBuildFile; fileRef = D86A367A24AE5C45008414BB /* ok.json */; };
		D86A367D24AF2AC9008414BB /* GoogleService-Info.plist in Resources */ = {isa = PBXBuildFile; fileRef = D86A367C24AF2AC9008414BB /* GoogleService-Info.plist */; };
/* End PBXBuildFile section */

/* Begin PBXFileReference section */
		D20066683F197B907BC930F7 /* Pods-sleepCheck.debug.xcconfig */ = {isa = PBXFileReference; includeInIndex = 1; lastKnownFileType = text.xcconfig; name = "Pods-sleepCheck.debug.xcconfig"; path = "Target Support Files/Pods-sleepCheck/Pods-sleepCheck.debug.xcconfig"; sourceTree = "<group>"; };
		D659938B3ADC1AD77614B8CF /* Pods_sleepCheck.framework */ = {isa = PBXFileReference; explicitFileType = wrapper.framework; includeInIndex = 0; path = Pods_sleepCheck.framework; sourceTree = BUILT_PRODUCTS_DIR; };
		D844291024A23C00004B69FF /* SleepCalendar.app */ = {isa = PBXFileReference; explicitFileType = wrapper.application; includeInIndex = 0; path = SleepCalendar.app; sourceTree = BUILT_PRODUCTS_DIR; };
		D844291324A23C00004B69FF /* AppDelegate.swift */ = {isa = PBXFileReference; lastKnownFileType = sourcecode.swift; path = AppDelegate.swift; sourceTree = "<group>"; };
		D844291524A23C00004B69FF /* SceneDelegate.swift */ = {isa = PBXFileReference; lastKnownFileType = sourcecode.swift; path = SceneDelegate.swift; sourceTree = "<group>"; };
		D844291724A23C00004B69FF /* ViewController.swift */ = {isa = PBXFileReference; lastKnownFileType = sourcecode.swift; path = ViewController.swift; sourceTree = "<group>"; };
		D844291A24A23C00004B69FF /* Base */ = {isa = PBXFileReference; lastKnownFileType = file.storyboard; name = Base; path = Base.lproj/Main.storyboard; sourceTree = "<group>"; };
		D844291C24A23C01004B69FF /* Assets.xcassets */ = {isa = PBXFileReference; lastKnownFileType = folder.assetcatalog; path = Assets.xcassets; sourceTree = "<group>"; };
		D844291F24A23C01004B69FF /* Base */ = {isa = PBXFileReference; lastKnownFileType = file.storyboard; name = Base; path = Base.lproj/LaunchScreen.storyboard; sourceTree = "<group>"; };
		D844292124A23C01004B69FF /* Info.plist */ = {isa = PBXFileReference; lastKnownFileType = text.plist.xml; path = Info.plist; sourceTree = "<group>"; };
		D865605024A6650300FC5B8E /* CalendarViewController.swift */ = {isa = PBXFileReference; lastKnownFileType = sourcecode.swift; path = CalendarViewController.swift; sourceTree = "<group>"; };
		D86A367424A8F8D5008414BB /* CalendarRealm.swift */ = {isa = PBXFileReference; lastKnownFileType = sourcecode.swift; path = CalendarRealm.swift; sourceTree = "<group>"; };
		D86A367A24AE5C45008414BB /* ok.json */ = {isa = PBXFileReference; fileEncoding = 4; lastKnownFileType = text.json; path = ok.json; sourceTree = "<group>"; };
		D86A367C24AF2AC9008414BB /* GoogleService-Info.plist */ = {isa = PBXFileReference; fileEncoding = 4; lastKnownFileType = text.plist.xml; path = "GoogleService-Info.plist"; sourceTree = "<group>"; };
		FB723855FC8A35B818C74E92 /* Pods-sleepCheck.release.xcconfig */ = {isa = PBXFileReference; includeInIndex = 1; lastKnownFileType = text.xcconfig; name = "Pods-sleepCheck.release.xcconfig"; path = "Target Support Files/Pods-sleepCheck/Pods-sleepCheck.release.xcconfig"; sourceTree = "<group>"; };
/* End PBXFileReference section */

/* Begin PBXFrameworksBuildPhase section */
		D844290D24A23C00004B69FF /* Frameworks */ = {
			isa = PBXFrameworksBuildPhase;
			buildActionMask = 2147483647;
			files = (
				05B75022342A15FB0FC697A3 /* Pods_sleepCheck.framework in Frameworks */,
			);
			runOnlyForDeploymentPostprocessing = 0;
		};
/* End PBXFrameworksBuildPhase section */

/* Begin PBXGroup section */
		5B1E3D66E2EFE075B1E3F3DF /* Pods */ = {
			isa = PBXGroup;
			children = (
				D20066683F197B907BC930F7 /* Pods-sleepCheck.debug.xcconfig */,
				FB723855FC8A35B818C74E92 /* Pods-sleepCheck.release.xcconfig */,
			);
			path = Pods;
			sourceTree = "<group>";
		};
		A35AC4EF26DAA42C6B9659BE /* Frameworks */ = {
			isa = PBXGroup;
			children = (
				D659938B3ADC1AD77614B8CF /* Pods_sleepCheck.framework */,
			);
			name = Frameworks;
			sourceTree = "<group>";
		};
		D844290724A23C00004B69FF = {
			isa = PBXGroup;
			children = (
				D844291224A23C00004B69FF /* sleepCheck */,
				D844291124A23C00004B69FF /* Products */,
				5B1E3D66E2EFE075B1E3F3DF /* Pods */,
				A35AC4EF26DAA42C6B9659BE /* Frameworks */,
			);
			sourceTree = "<group>";
		};
		D844291124A23C00004B69FF /* Products */ = {
			isa = PBXGroup;
			children = (
				D844291024A23C00004B69FF /* SleepCalendar.app */,
			);
			name = Products;
			sourceTree = "<group>";
		};
		D844291224A23C00004B69FF /* sleepCheck */ = {
			isa = PBXGroup;
			children = (
				D865604B24A2885300FC5B8E /* Controller */,
				D865604A24A2884A00FC5B8E /* View */,
				D865604924A2884000FC5B8E /* Model */,
				D844291324A23C00004B69FF /* AppDelegate.swift */,
				D844291524A23C00004B69FF /* SceneDelegate.swift */,
				D844291C24A23C01004B69FF /* Assets.xcassets */,
				D844291E24A23C01004B69FF /* LaunchScreen.storyboard */,
				D86A367A24AE5C45008414BB /* ok.json */,
				D86A367C24AF2AC9008414BB /* GoogleService-Info.plist */,
				D844292124A23C01004B69FF /* Info.plist */,
			);
			path = sleepCheck;
			sourceTree = "<group>";
		};
		D865604924A2884000FC5B8E /* Model */ = {
			isa = PBXGroup;
			children = (
				D86A367424A8F8D5008414BB /* CalendarRealm.swift */,
			);
			path = Model;
			sourceTree = "<group>";
		};
		D865604A24A2884A00FC5B8E /* View */ = {
			isa = PBXGroup;
			children = (
				D844291924A23C00004B69FF /* Main.storyboard */,
			);
			path = View;
			sourceTree = "<group>";
		};
		D865604B24A2885300FC5B8E /* Controller */ = {
			isa = PBXGroup;
			children = (
				D844291724A23C00004B69FF /* ViewController.swift */,
				D865605024A6650300FC5B8E /* CalendarViewController.swift */,
			);
			path = Controller;
			sourceTree = "<group>";
		};
/* End PBXGroup section */

/* Begin PBXNativeTarget section */
		D844290F24A23C00004B69FF /* sleepCheck */ = {
			isa = PBXNativeTarget;
			buildConfigurationList = D844292424A23C01004B69FF /* Build configuration list for PBXNativeTarget "sleepCheck" */;
			buildPhases = (
				21D097964DE101C673A34095 /* [CP] Check Pods Manifest.lock */,
				D844290C24A23C00004B69FF /* Sources */,
				D844290D24A23C00004B69FF /* Frameworks */,
				D844290E24A23C00004B69FF /* Resources */,
				917D97581C1D7CFE34797726 /* [CP] Embed Pods Frameworks */,
			);
			buildRules = (
			);
			dependencies = (
			);
			name = sleepCheck;
			productName = sleepCheck;
			productReference = D844291024A23C00004B69FF /* SleepCalendar.app */;
			productType = "com.apple.product-type.application";
		};
/* End PBXNativeTarget section */

/* Begin PBXProject section */
		D844290824A23C00004B69FF /* Project object */ = {
			isa = PBXProject;
			attributes = {
				LastSwiftUpdateCheck = 1150;
				LastUpgradeCheck = 1150;
				ORGANIZATIONNAME = tatsuki.ikeda;
				TargetAttributes = {
					D844290F24A23C00004B69FF = {
						CreatedOnToolsVersion = 11.5;
					};
				};
			};
			buildConfigurationList = D844290B24A23C00004B69FF /* Build configuration list for PBXProject "sleepCheck" */;
			compatibilityVersion = "Xcode 9.3";
			developmentRegion = en;
			hasScannedForEncodings = 0;
			knownRegions = (
				en,
				Base,
			);
			mainGroup = D844290724A23C00004B69FF;
			productRefGroup = D844291124A23C00004B69FF /* Products */;
			projectDirPath = "";
			projectRoot = "";
			targets = (
				D844290F24A23C00004B69FF /* sleepCheck */,
			);
		};
/* End PBXProject section */

/* Begin PBXResourcesBuildPhase section */
		D844290E24A23C00004B69FF /* Resources */ = {
			isa = PBXResourcesBuildPhase;
			buildActionMask = 2147483647;
			files = (
				D86A367B24AE5C45008414BB /* ok.json in Resources */,
				D844292024A23C01004B69FF /* LaunchScreen.storyboard in Resources */,
				D86A367D24AF2AC9008414BB /* GoogleService-Info.plist in Resources */,
				D844291D24A23C01004B69FF /* Assets.xcassets in Resources */,
				D844291B24A23C00004B69FF /* Main.storyboard in Resources */,
			);
			runOnlyForDeploymentPostprocessing = 0;
		};
/* End PBXResourcesBuildPhase section */

/* Begin PBXShellScriptBuildPhase section */
		21D097964DE101C673A34095 /* [CP] Check Pods Manifest.lock */ = {
			isa = PBXShellScriptBuildPhase;
			buildActionMask = 2147483647;
			files = (
			);
			inputFileListPaths = (
			);
			inputPaths = (
				"${PODS_PODFILE_DIR_PATH}/Podfile.lock",
				"${PODS_ROOT}/Manifest.lock",
			);
			name = "[CP] Check Pods Manifest.lock";
			outputFileListPaths = (
			);
			outputPaths = (
				"$(DERIVED_FILE_DIR)/Pods-sleepCheck-checkManifestLockResult.txt",
			);
			runOnlyForDeploymentPostprocessing = 0;
			shellPath = /bin/sh;
			shellScript = "diff \"${PODS_PODFILE_DIR_PATH}/Podfile.lock\" \"${PODS_ROOT}/Manifest.lock\" > /dev/null\nif [ $? != 0 ] ; then\n    # print error to STDERR\n    echo \"error: The sandbox is not in sync with the Podfile.lock. Run 'pod install' or update your CocoaPods installation.\" >&2\n    exit 1\nfi\n# This output is used by Xcode 'outputs' to avoid re-running this script phase.\necho \"SUCCESS\" > \"${SCRIPT_OUTPUT_FILE_0}\"\n";
			showEnvVarsInLog = 0;
		};
		917D97581C1D7CFE34797726 /* [CP] Embed Pods Frameworks */ = {
			isa = PBXShellScriptBuildPhase;
			buildActionMask = 2147483647;
			files = (
			);
			inputFileListPaths = (
				"${PODS_ROOT}/Target Support Files/Pods-sleepCheck/Pods-sleepCheck-frameworks-${CONFIGURATION}-input-files.xcfilelist",
			);
			name = "[CP] Embed Pods Frameworks";
			outputFileListPaths = (
				"${PODS_ROOT}/Target Support Files/Pods-sleepCheck/Pods-sleepCheck-frameworks-${CONFIGURATION}-output-files.xcfilelist",
			);
			runOnlyForDeploymentPostprocessing = 0;
			shellPath = /bin/sh;
			shellScript = "\"${PODS_ROOT}/Target Support Files/Pods-sleepCheck/Pods-sleepCheck-frameworks.sh\"\n";
			showEnvVarsInLog = 0;
		};
/* End PBXShellScriptBuildPhase section */

/* Begin PBXSourcesBuildPhase section */
		D844290C24A23C00004B69FF /* Sources */ = {
			isa = PBXSourcesBuildPhase;
			buildActionMask = 2147483647;
			files = (
				D844291824A23C00004B69FF /* ViewController.swift in Sources */,
				D844291424A23C00004B69FF /* AppDelegate.swift in Sources */,
				D844291624A23C00004B69FF /* SceneDelegate.swift in Sources */,
				D865605124A6650300FC5B8E /* CalendarViewController.swift in Sources */,
				D86A367524A8F8D5008414BB /* CalendarRealm.swift in Sources */,
			);
			runOnlyForDeploymentPostprocessing = 0;
		};
/* End PBXSourcesBuildPhase section */

/* Begin PBXVariantGroup section */
		D844291924A23C00004B69FF /* Main.storyboard */ = {
			isa = PBXVariantGroup;
			children = (
				D844291A24A23C00004B69FF /* Base */,
			);
			name = Main.storyboard;
			sourceTree = "<group>";
		};
		D844291E24A23C01004B69FF /* LaunchScreen.storyboard */ = {
			isa = PBXVariantGroup;
			children = (
				D844291F24A23C01004B69FF /* Base */,
			);
			name = LaunchScreen.storyboard;
			sourceTree = "<group>";
		};
/* End PBXVariantGroup section */

/* Begin XCBuildConfiguration section */
		D844292224A23C01004B69FF /* Debug */ = {
			isa = XCBuildConfiguration;
			buildSettings = {
				ALWAYS_SEARCH_USER_PATHS = NO;
				CLANG_ANALYZER_NONNULL = YES;
				CLANG_ANALYZER_NUMBER_OBJECT_CONVERSION = YES_AGGRESSIVE;
				CLANG_CXX_LANGUAGE_STANDARD = "gnu++14";
				CLANG_CXX_LIBRARY = "libc++";
				CLANG_ENABLE_MODULES = YES;
				CLANG_ENABLE_OBJC_ARC = YES;
				CLANG_ENABLE_OBJC_WEAK = YES;
				CLANG_WARN_BLOCK_CAPTURE_AUTORELEASING = YES;
				CLANG_WARN_BOOL_CONVERSION = YES;
				CLANG_WARN_COMMA = YES;
				CLANG_WARN_CONSTANT_CONVERSION = YES;
				CLANG_WARN_DEPRECATED_OBJC_IMPLEMENTATIONS = YES;
				CLANG_WARN_DIRECT_OBJC_ISA_USAGE = YES_ERROR;
				CLANG_WARN_DOCUMENTATION_COMMENTS = YES;
				CLANG_WARN_EMPTY_BODY = YES;
				CLANG_WARN_ENUM_CONVERSION = YES;
				CLANG_WARN_INFINITE_RECURSION = YES;
				CLANG_WARN_INT_CONVERSION = YES;
				CLANG_WARN_NON_LITERAL_NULL_CONVERSION = YES;
				CLANG_WARN_OBJC_IMPLICIT_RETAIN_SELF = YES;
				CLANG_WARN_OBJC_LITERAL_CONVERSION = YES;
				CLANG_WARN_OBJC_ROOT_CLASS = YES_ERROR;
				CLANG_WARN_RANGE_LOOP_ANALYSIS = YES;
				CLANG_WARN_STRICT_PROTOTYPES = YES;
				CLANG_WARN_SUSPICIOUS_MOVE = YES;
				CLANG_WARN_UNGUARDED_AVAILABILITY = YES_AGGRESSIVE;
				CLANG_WARN_UNREACHABLE_CODE = YES;
				CLANG_WARN__DUPLICATE_METHOD_MATCH = YES;
				COPY_PHASE_STRIP = NO;
				DEBUG_INFORMATION_FORMAT = dwarf;
				ENABLE_STRICT_OBJC_MSGSEND = YES;
				ENABLE_TESTABILITY = YES;
				GCC_C_LANGUAGE_STANDARD = gnu11;
				GCC_DYNAMIC_NO_PIC = NO;
				GCC_NO_COMMON_BLOCKS = YES;
				GCC_OPTIMIZATION_LEVEL = 0;
				GCC_PREPROCESSOR_DEFINITIONS = (
					"DEBUG=1",
					"$(inherited)",
				);
				GCC_WARN_64_TO_32_BIT_CONVERSION = YES;
				GCC_WARN_ABOUT_RETURN_TYPE = YES_ERROR;
				GCC_WARN_UNDECLARED_SELECTOR = YES;
				GCC_WARN_UNINITIALIZED_AUTOS = YES_AGGRESSIVE;
				GCC_WARN_UNUSED_FUNCTION = YES;
				GCC_WARN_UNUSED_VARIABLE = YES;
				IPHONEOS_DEPLOYMENT_TARGET = 13.5;
				MTL_ENABLE_DEBUG_INFO = INCLUDE_SOURCE;
				MTL_FAST_MATH = YES;
				ONLY_ACTIVE_ARCH = YES;
				SDKROOT = iphoneos;
				SWIFT_ACTIVE_COMPILATION_CONDITIONS = DEBUG;
				SWIFT_OPTIMIZATION_LEVEL = "-Onone";
			};
			name = Debug;
		};
		D844292324A23C01004B69FF /* Release */ = {
			isa = XCBuildConfiguration;
			buildSettings = {
				ALWAYS_SEARCH_USER_PATHS = NO;
				CLANG_ANALYZER_NONNULL = YES;
				CLANG_ANALYZER_NUMBER_OBJECT_CONVERSION = YES_AGGRESSIVE;
				CLANG_CXX_LANGUAGE_STANDARD = "gnu++14";
				CLANG_CXX_LIBRARY = "libc++";
				CLANG_ENABLE_MODULES = YES;
				CLANG_ENABLE_OBJC_ARC = YES;
				CLANG_ENABLE_OBJC_WEAK = YES;
				CLANG_WARN_BLOCK_CAPTURE_AUTORELEASING = YES;
				CLANG_WARN_BOOL_CONVERSION = YES;
				CLANG_WARN_COMMA = YES;
				CLANG_WARN_CONSTANT_CONVERSION = YES;
				CLANG_WARN_DEPRECATED_OBJC_IMPLEMENTATIONS = YES;
				CLANG_WARN_DIRECT_OBJC_ISA_USAGE = YES_ERROR;
				CLANG_WARN_DOCUMENTATION_COMMENTS = YES;
				CLANG_WARN_EMPTY_BODY = YES;
				CLANG_WARN_ENUM_CONVERSION = YES;
				CLANG_WARN_INFINITE_RECURSION = YES;
				CLANG_WARN_INT_CONVERSION = YES;
				CLANG_WARN_NON_LITERAL_NULL_CONVERSION = YES;
				CLANG_WARN_OBJC_IMPLICIT_RETAIN_SELF = YES;
				CLANG_WARN_OBJC_LITERAL_CONVERSION = YES;
				CLANG_WARN_OBJC_ROOT_CLASS = YES_ERROR;
				CLANG_WARN_RANGE_LOOP_ANALYSIS = YES;
				CLANG_WARN_STRICT_PROTOTYPES = YES;
				CLANG_WARN_SUSPICIOUS_MOVE = YES;
				CLANG_WARN_UNGUARDED_AVAILABILITY = YES_AGGRESSIVE;
				CLANG_WARN_UNREACHABLE_CODE = YES;
				CLANG_WARN__DUPLICATE_METHOD_MATCH = YES;
				COPY_PHASE_STRIP = NO;
				DEBUG_INFORMATION_FORMAT = "dwarf-with-dsym";
				ENABLE_NS_ASSERTIONS = NO;
				ENABLE_STRICT_OBJC_MSGSEND = YES;
				GCC_C_LANGUAGE_STANDARD = gnu11;
				GCC_NO_COMMON_BLOCKS = YES;
				GCC_WARN_64_TO_32_BIT_CONVERSION = YES;
				GCC_WARN_ABOUT_RETURN_TYPE = YES_ERROR;
				GCC_WARN_UNDECLARED_SELECTOR = YES;
				GCC_WARN_UNINITIALIZED_AUTOS = YES_AGGRESSIVE;
				GCC_WARN_UNUSED_FUNCTION = YES;
				GCC_WARN_UNUSED_VARIABLE = YES;
				IPHONEOS_DEPLOYMENT_TARGET = 13.5;
				MTL_ENABLE_DEBUG_INFO = NO;
				MTL_FAST_MATH = YES;
				SDKROOT = iphoneos;
				SWIFT_COMPILATION_MODE = wholemodule;
				SWIFT_OPTIMIZATION_LEVEL = "-O";
				VALIDATE_PRODUCT = YES;
			};
			name = Release;
		};
		D844292524A23C01004B69FF /* Debug */ = {
			isa = XCBuildConfiguration;
			baseConfigurationReference = D20066683F197B907BC930F7 /* Pods-sleepCheck.debug.xcconfig */;
			buildSettings = {
				ASSETCATALOG_COMPILER_APPICON_NAME = AppIcon;
				CODE_SIGN_STYLE = Automatic;
				DEVELOPMENT_TEAM = RWYM8SMH8F;
				INFOPLIST_FILE = sleepCheck/Info.plist;
				LD_RUNPATH_SEARCH_PATHS = (
					"$(inherited)",
					"@executable_path/Frameworks",
				);
				PRODUCT_BUNDLE_IDENTIFIER = com.ikeda.sleepCheck;
				PRODUCT_NAME = SleepCalendar;
				SWIFT_VERSION = 5.0;
				TARGETED_DEVICE_FAMILY = 1;
			};
			name = Debug;
		};
		D844292624A23C01004B69FF /* Release */ = {
			isa = XCBuildConfiguration;
			baseConfigurationReference = FB723855FC8A35B818C74E92 /* Pods-sleepCheck.release.xcconfig */;
			buildSettings = {
				ASSETCATALOG_COMPILER_APPICON_NAME = AppIcon;
				CODE_SIGN_STYLE = Automatic;
				DEVELOPMENT_TEAM = RWYM8SMH8F;
				INFOPLIST_FILE = sleepCheck/Info.plist;
				LD_RUNPATH_SEARCH_PATHS = (
					"$(inherited)",
					"@executable_path/Frameworks",
				);
				PRODUCT_BUNDLE_IDENTIFIER = com.ikeda.sleepCheck;
				PRODUCT_NAME = SleepCalendar;
				SWIFT_VERSION = 5.0;
				TARGETED_DEVICE_FAMILY = 1;
			};
			name = Release;
		};
/* End XCBuildConfiguration section */

/* Begin XCConfigurationList section */
		D844290B24A23C00004B69FF /* Build configuration list for PBXProject "sleepCheck" */ = {
			isa = XCConfigurationList;
			buildConfigurations = (
				D844292224A23C01004B69FF /* Debug */,
				D844292324A23C01004B69FF /* Release */,
			);
			defaultConfigurationIsVisible = 0;
			defaultConfigurationName = Release;
		};
		D844292424A23C01004B69FF /* Build configuration list for PBXNativeTarget "sleepCheck" */ = {
			isa = XCConfigurationList;
			buildConfigurations = (
				D844292524A23C01004B69FF /* Debug */,
				D844292624A23C01004B69FF /* Release */,
			);
			defaultConfigurationIsVisible = 0;
			defaultConfigurationName = Release;
		};
/* End XCConfigurationList section */
	};
	rootObject = D844290824A23C00004B69FF /* Project object */;
}
